
Microsoft Visual Studio Solution File, Format Version 12.00
# Visual Studio Version 17
VisualStudioVersion = 17.6.33815.320
MinimumVisualStudioVersion = 10.0.40219.1
Project("{FAE04EC0-301F-11D3-BF4B-00C04F79EFBC}") = "crud", "crud\crud.csproj", "{B1F2DCD6-FF4D-4338-98E3-CA1B59D9060F}"
EndProject
Global
	GlobalSection(SolutionConfigurationPlatforms) = preSolution
		Debug|Any CPU = Debug|Any CPU
		Release|Any CPU = Release|Any CPU
	EndGlobalSection
	GlobalSection(ProjectConfigurationPlatforms) = postSolution
		{B1F2DCD6-FF4D-4338-98E3-CA1B59D9060F}.Debug|Any CPU.ActiveCfg = Debug|Any CPU
		{B1F2DCD6-FF4D-4338-98E3-CA1B59D9060F}.Debug|Any CPU.Build.0 = Debug|Any CPU
		{B1F2DCD6-FF4D-4338-98E3-CA1B59D9060F}.Release|Any CPU.ActiveCfg = Release|Any CPU
		{B1F2DCD6-FF4D-4338-98E3-CA1B59D9060F}.Release|Any CPU.Build.0 = Release|Any CPU
	EndGlobalSection
	GlobalSection(SolutionProperties) = preSolution
		HideSolutionNode = FALSE
	EndGlobalSection
	GlobalSection(ExtensibilityGlobals) = postSolution
		SolutionGuid = {B10FBD76-BB91-4ACB-9AA1-E02AA05EBF5E}
	EndGlobalSection
EndGlobal
